
Microsoft Visual Studio Solution File, Format Version 12.00
# Visual Studio Version 17
VisualStudioVersion = 17.1.32414.318
MinimumVisualStudioVersion = 10.0.40219.1
Project("{9A19103F-16F7-4668-BE54-9A1E7A4F7556}") = "Infrastructure", "Infrastructure\Infrastructure.csproj", "{0ED462F5-5F9B-4388-8BCC-79582470DD53}"
EndProject
Project("{9A19103F-16F7-4668-BE54-9A1E7A4F7556}") = "Core", "Core\Core.csproj", "{2B2FC591-51BB-4A17-A4F4-0AAD75F5EBBF}"
EndProject
Project("{9A19103F-16F7-4668-BE54-9A1E7A4F7556}") = "UI", "UI\UI.csproj", "{A9701AC6-CF4F-46B8-8CF6-A097C0831086}"
EndProject
Global
	GlobalSection(SolutionConfigurationPlatforms) = preSolution
		Debug|Any CPU = Debug|Any CPU
		Release|Any CPU = Release|Any CPU
	EndGlobalSection
	GlobalSection(ProjectConfigurationPlatforms) = postSolution
		{0ED462F5-5F9B-4388-8BCC-79582470DD53}.Debug|Any CPU.ActiveCfg = Debug|Any CPU
		{0ED462F5-5F9B-4388-8BCC-79582470DD53}.Debug|Any CPU.Build.0 = Debug|Any CPU
		{0ED462F5-5F9B-4388-8BCC-79582470DD53}.Release|Any CPU.ActiveCfg = Release|Any CPU
		{0ED462F5-5F9B-4388-8BCC-79582470DD53}.Release|Any CPU.Build.0 = Release|Any CPU
		{2B2FC591-51BB-4A17-A4F4-0AAD75F5EBBF}.Debug|Any CPU.ActiveCfg = Debug|Any CPU
		{2B2FC591-51BB-4A17-A4F4-0AAD75F5EBBF}.Debug|Any CPU.Build.0 = Debug|Any CPU
		{2B2FC591-51BB-4A17-A4F4-0AAD75F5EBBF}.Release|Any CPU.ActiveCfg = Release|Any CPU
		{2B2FC591-51BB-4A17-A4F4-0AAD75F5EBBF}.Release|Any CPU.Build.0 = Release|Any CPU
		{A9701AC6-CF4F-46B8-8CF6-A097C0831086}.Debug|Any CPU.ActiveCfg = Debug|Any CPU
		{A9701AC6-CF4F-46B8-8CF6-A097C0831086}.Debug|Any CPU.Build.0 = Debug|Any CPU
		{A9701AC6-CF4F-46B8-8CF6-A097C0831086}.Release|Any CPU.ActiveCfg = Release|Any CPU
		{A9701AC6-CF4F-46B8-8CF6-A097C0831086}.Release|Any CPU.Build.0 = Release|Any CPU
	EndGlobalSection
	GlobalSection(SolutionProperties) = preSolution
		HideSolutionNode = FALSE
	EndGlobalSection
	GlobalSection(ExtensibilityGlobals) = postSolution
		SolutionGuid = {BD1FB9B7-641D-4AF3-AE38-2A6FD68E258E}
	EndGlobalSection
EndGlobal
